
Microsoft Visual Studio Solution File, Format Version 12.00
# Visual Studio Version 17
VisualStudioVersion = 17.14.36429.23
MinimumVisualStudioVersion = 10.0.40219.1
Project("{FAE04EC0-301F-11D3-BF4B-00C04F79EFBC}") = "libCptBq", "libCptBq\libCptBq.csproj", "{D5D5A728-E06C-4315-AF00-FFDCA90E98D4}"
EndProject
Project("{FAE04EC0-301F-11D3-BF4B-00C04F79EFBC}") = "consCptBq", "consCptBq\consCptBq.csproj", "{DCB433C1-5FC0-4E46-8361-A5C42E629485}"
EndProject
Project("{FAE04EC0-301F-11D3-BF4B-00C04F79EFBC}") = "testUnCptBq", "testUnCptBq\testUnCptBq.csproj", "{8B09936D-B60D-4588-BDC7-F66045A13C7D}"
EndProject
Global
	GlobalSection(SolutionConfigurationPlatforms) = preSolution
		Debug|Any CPU = Debug|Any CPU
		Release|Any CPU = Release|Any CPU
	EndGlobalSection
	GlobalSection(ProjectConfigurationPlatforms) = postSolution
		{D5D5A728-E06C-4315-AF00-FFDCA90E98D4}.Debug|Any CPU.ActiveCfg = Debug|Any CPU
		{D5D5A728-E06C-4315-AF00-FFDCA90E98D4}.Debug|Any CPU.Build.0 = Debug|Any CPU
		{D5D5A728-E06C-4315-AF00-FFDCA90E98D4}.Release|Any CPU.ActiveCfg = Release|Any CPU
		{D5D5A728-E06C-4315-AF00-FFDCA90E98D4}.Release|Any CPU.Build.0 = Release|Any CPU
		{DCB433C1-5FC0-4E46-8361-A5C42E629485}.Debug|Any CPU.ActiveCfg = Debug|Any CPU
		{DCB433C1-5FC0-4E46-8361-A5C42E629485}.Debug|Any CPU.Build.0 = Debug|Any CPU
		{DCB433C1-5FC0-4E46-8361-A5C42E629485}.Release|Any CPU.ActiveCfg = Release|Any CPU
		{DCB433C1-5FC0-4E46-8361-A5C42E629485}.Release|Any CPU.Build.0 = Release|Any CPU
		{8B09936D-B60D-4588-BDC7-F66045A13C7D}.Debug|Any CPU.ActiveCfg = Debug|Any CPU
		{8B09936D-B60D-4588-BDC7-F66045A13C7D}.Debug|Any CPU.Build.0 = Debug|Any CPU
		{8B09936D-B60D-4588-BDC7-F66045A13C7D}.Release|Any CPU.ActiveCfg = Release|Any CPU
		{8B09936D-B60D-4588-BDC7-F66045A13C7D}.Release|Any CPU.Build.0 = Release|Any CPU
	EndGlobalSection
	GlobalSection(SolutionProperties) = preSolution
		HideSolutionNode = FALSE
	EndGlobalSection
	GlobalSection(ExtensibilityGlobals) = postSolution
		SolutionGuid = {D9CE9FD6-68B7-4F1D-9490-AD67AAC8D3AB}
	EndGlobalSection
EndGlobal
